
Microsoft Visual Studio Solution File, Format Version 12.00
# Visual Studio Version 16
VisualStudioVersion = 16.0.30413.136
MinimumVisualStudioVersion = 10.0.40219.1
Project("{FAE04EC0-301F-11D3-BF4B-00C04F79EFBC}") = "Tetris", "Tetris\Tetris.csproj", "{C8B3F971-9825-4C13-B175-8ED8C05382BB}"
EndProject
Global
	GlobalSection(SolutionConfigurationPlatforms) = preSolution
		Debug|Any CPU = Debug|Any CPU
		Release|Any CPU = Release|Any CPU
	EndGlobalSection
	GlobalSection(ProjectConfigurationPlatforms) = postSolution
		{C8B3F971-9825-4C13-B175-8ED8C05382BB}.Debug|Any CPU.ActiveCfg = Debug|Any CPU
		{C8B3F971-9825-4C13-B175-8ED8C05382BB}.Debug|Any CPU.Build.0 = Debug|Any CPU
		{C8B3F971-9825-4C13-B175-8ED8C05382BB}.Release|Any CPU.ActiveCfg = Release|Any CPU
		{C8B3F971-9825-4C13-B175-8ED8C05382BB}.Release|Any CPU.Build.0 = Release|Any CPU
	EndGlobalSection
	GlobalSection(SolutionProperties) = preSolution
		HideSolutionNode = FALSE
	EndGlobalSection
	GlobalSection(ExtensibilityGlobals) = postSolution
		SolutionGuid = {184DCF25-5BF2-49DA-AD18-9E4A79ABB460}
	EndGlobalSection
EndGlobal
